{
  "name": "notebook",
  "version": "1.0.0",
  "lockfileVersion": 1,
  "requires": true,
  "dependencies": {
    "acorn": {
      "version": "5.7.3",
      "resolved": "https://registry.npm.taobao.org/acorn/download/acorn-5.7.3.tgz",
      "integrity": "sha1-Z6ojG/iBKXS4UjWpZ3Hra9B+onk=",
      "dev": true
    },
    "acorn-jsx": {
      "version": "3.0.1",
      "resolved": "http://registry.npm.taobao.org/acorn-jsx/download/acorn-jsx-3.0.1.tgz",
      "integrity": "sha1-r9+UiPsezvyDSPb7IvRk4ypYs2s=",
      "dev": true,
      "requires": {
        "acorn": "^3.0.4"
      },
      "dependencies": {
        "acorn": {
          "version": "3.3.0",
          "resolved": "https://registry.npm.taobao.org/acorn/download/acorn-3.3.0.tgz",
          "integrity": "sha1-ReN/s56No/JbruP/U2niu18iAXo=",
          "dev": true
        }
      }
    },
    "debug": {
      "version": "3.2.6",
      "resolved": "http://registry.npm.taobao.org/debug/download/debug-3.2.6.tgz",
      "integrity": "sha1-6D0X3hbYp++3cX7b5fsQE17uYps=",
      "dev": true,
      "requires": {
        "ms": "^2.1.1"
      }
    },
    "eslint-plugin-vue": {
      "version": "3.14.0",
      "resolved": "https://registry.npm.taobao.org/eslint-plugin-vue/download/eslint-plugin-vue-3.14.0.tgz?cache=0&sync_timestamp=1561378693439&other_urls=https%3A%2F%2Fregistry.npm.taobao.org%2Feslint-plugin-vue%2Fdownload%2Feslint-plugin-vue-3.14.0.tgz",
      "integrity": "sha1-jSRit9z4QKNTt+takuY5RYHV1pc=",
      "dev": true,
      "requires": {
        "requireindex": "^1.1.0",
        "vue-eslint-parser": "^2.0.1-beta.1"
      }
    },
    "eslint-scope": {
      "version": "3.7.3",
      "resolved": "https://registry.npm.taobao.org/eslint-scope/download/eslint-scope-3.7.3.tgz?cache=0&sync_timestamp=1563679289211&other_urls=https%3A%2F%2Fregistry.npm.taobao.org%2Feslint-scope%2Fdownload%2Feslint-scope-3.7.3.tgz",
      "integrity": "sha1-u1ByANPRf2AkdjYWC0gmKEsQhTU=",
      "dev": true,
      "requires": {
        "esrecurse": "^4.1.0",
        "estraverse": "^4.1.1"
      }
    },
    "eslint-visitor-keys": {
      "version": "1.0.0",
      "resolved": "http://registry.npm.taobao.org/eslint-visitor-keys/download/eslint-visitor-keys-1.0.0.tgz",
      "integrity": "sha1-PzGA+y4pEBdxastMnW1bXDSmqB0=",
      "dev": true
    },
    "espree": {
      "version": "3.5.4",
      "resolved": "https://registry.npm.taobao.org/espree/download/espree-3.5.4.tgz",
      "integrity": "sha1-sPRHGHyKi+2US4FaZgvd9d610ac=",
      "dev": true,
      "requires": {
        "acorn": "^5.5.0",
        "acorn-jsx": "^3.0.0"
      }
    },
    "esquery": {
      "version": "1.0.1",
      "resolved": "http://registry.npm.taobao.org/esquery/download/esquery-1.0.1.tgz",
      "integrity": "sha1-QGxRZYsfWZGl+bYrHcJbAOPlxwg=",
      "dev": true,
      "requires": {
        "estraverse": "^4.0.0"
      }
    },
    "esrecurse": {
      "version": "4.2.1",
      "resolved": "http://registry.npm.taobao.org/esrecurse/download/esrecurse-4.2.1.tgz",
      "integrity": "sha1-AHo7n9vCs7uH5IeeoZyS/b05Qs8=",
      "dev": true,
      "requires": {
        "estraverse": "^4.1.0"
      }
    },
    "estraverse": {
      "version": "4.2.0",
      "resolved": "http://registry.npm.taobao.org/estraverse/download/estraverse-4.2.0.tgz",
      "integrity": "sha1-De4/7TH81GlhjOc0IJn8GvoL2xM=",
      "dev": true
    },
    "lodash": {
      "version": "4.17.15",
      "resolved": "https://registry.npm.taobao.org/lodash/download/lodash-4.17.15.tgz",
      "integrity": "sha1-tEf2ZwoEVbv+7dETku/zMOoJdUg=",
      "dev": true
    },
    "ms": {
      "version": "2.1.2",
      "resolved": "https://registry.npm.taobao.org/ms/download/ms-2.1.2.tgz",
      "integrity": "sha1-0J0fNXtEP0kzgqjrPM0YOHKuYAk=",
      "dev": true
    },
    "requireindex": {
      "version": "1.2.0",
      "resolved": "https://registry.npm.taobao.org/requireindex/download/requireindex-1.2.0.tgz",
      "integrity": "sha1-NGPNsi7hUZAmNapslTXU3pwu8e8=",
      "dev": true
    },
    "vue-eslint-parser": {
      "version": "2.0.3",
      "resolved": "https://registry.npm.taobao.org/vue-eslint-parser/download/vue-eslint-parser-2.0.3.tgz",
      "integrity": "sha1-wmjJbG2Uz+PZOKX3WTlZsMozYNE=",
      "dev": true,
      "requires": {
        "debug": "^3.1.0",
        "eslint-scope": "^3.7.1",
        "eslint-visitor-keys": "^1.0.0",
        "espree": "^3.5.2",
        "esquery": "^1.0.0",
        "lodash": "^4.17.4"
      }
    }
  }
}
